{
  "object": {
    "pins": [
      {
        "package": "CryptoSwift",
        "repositoryURL": "https://github.com/krzyzanowskim/CryptoSwift.git",
        "state": {
          "branch": null,
          "revision": "f2ca9c377d4b44596a131e37eeb908221fb6e6be",
          "version": "0.8.3"
        }
      },
      {
        "package": "RxSwift",
        "repositoryURL": "https://github.com/ReactiveX/RxSwift.git",
        "state": {
          "branch": null,
          "revision": "3e848781c7756accced855a6317a4c2ff5e8588b",
          "version": "4.1.2"
        }
      }
    ]
  },
  "version": 1
}
